
Microsoft Visual Studio Solution File, Format Version 12.00
# Visual Studio Version 16
VisualStudioVersion = 16.0.31911.196
MinimumVisualStudioVersion = 10.0.40219.1
Project("{FAE04EC0-301F-11D3-BF4B-00C04F79EFBC}") = "CorrectCodeLibrary", "CorrectCodeLibrary\CorrectCodeLibrary.csproj", "{383B6081-C9D2-4967-A916-C0FD8EF967E0}"
EndProject
Project("{FAE04EC0-301F-11D3-BF4B-00C04F79EFBC}") = "CorrectCodeLibraryTests", "CorrectCodeLibraryTests\CorrectCodeLibraryTests.csproj", "{39F75411-7910-4641-8881-5EAA6295F2F2}"
EndProject
Global
	GlobalSection(SolutionConfigurationPlatforms) = preSolution
		Debug|Any CPU = Debug|Any CPU
		Release|Any CPU = Release|Any CPU
	EndGlobalSection
	GlobalSection(ProjectConfigurationPlatforms) = postSolution
		{383B6081-C9D2-4967-A916-C0FD8EF967E0}.Debug|Any CPU.ActiveCfg = Debug|Any CPU
		{383B6081-C9D2-4967-A916-C0FD8EF967E0}.Debug|Any CPU.Build.0 = Debug|Any CPU
		{383B6081-C9D2-4967-A916-C0FD8EF967E0}.Release|Any CPU.ActiveCfg = Release|Any CPU
		{383B6081-C9D2-4967-A916-C0FD8EF967E0}.Release|Any CPU.Build.0 = Release|Any CPU
		{39F75411-7910-4641-8881-5EAA6295F2F2}.Debug|Any CPU.ActiveCfg = Debug|Any CPU
		{39F75411-7910-4641-8881-5EAA6295F2F2}.Debug|Any CPU.Build.0 = Debug|Any CPU
		{39F75411-7910-4641-8881-5EAA6295F2F2}.Release|Any CPU.ActiveCfg = Release|Any CPU
		{39F75411-7910-4641-8881-5EAA6295F2F2}.Release|Any CPU.Build.0 = Release|Any CPU
	EndGlobalSection
	GlobalSection(SolutionProperties) = preSolution
		HideSolutionNode = FALSE
	EndGlobalSection
	GlobalSection(ExtensibilityGlobals) = postSolution
		SolutionGuid = {026C9111-4CBD-4573-9C0A-B6F24CA78231}
	EndGlobalSection
EndGlobal
